
Microsoft Visual Studio Solution File, Format Version 12.00
# Visual Studio Version 17
VisualStudioVersion = 17.9.34701.34
MinimumVisualStudioVersion = 10.0.40219.1
Project("{FAE04EC0-301F-11D3-BF4B-00C04F79EFBC}") = "DomeWarsBLL", "DomeWarsBLL\DomeWarsBLL.csproj", "{6AAADB40-4095-4BC4-A54D-74521CE0CD89}"
EndProject
Project("{FAE04EC0-301F-11D3-BF4B-00C04F79EFBC}") = "DomeWarsAPI", "DomeWarsAPI\DomeWarsAPI.csproj", "{B45F92AC-67CB-4760-946E-F7EEF30C4BDD}"
EndProject
Project("{FAE04EC0-301F-11D3-BF4B-00C04F79EFBC}") = "DomeWarsDAL", "DomeWarsDAL\DomeWarsDAL.csproj", "{B7AA1B84-C658-485B-8051-7D99F75881C1}"
EndProject
Project("{00D1A9C2-B5F0-4AF3-8072-F6C62B433612}") = "DomeWarsDB", "DomeWarsDB\DomeWarsDB.sqlproj", "{BF384509-A7E6-46D3-A1A9-F04B59D501DB}"
EndProject
Global
	GlobalSection(SolutionConfigurationPlatforms) = preSolution
		Debug|Any CPU = Debug|Any CPU
		Release|Any CPU = Release|Any CPU
	EndGlobalSection
	GlobalSection(ProjectConfigurationPlatforms) = postSolution
		{6AAADB40-4095-4BC4-A54D-74521CE0CD89}.Debug|Any CPU.ActiveCfg = Debug|Any CPU
		{6AAADB40-4095-4BC4-A54D-74521CE0CD89}.Debug|Any CPU.Build.0 = Debug|Any CPU
		{6AAADB40-4095-4BC4-A54D-74521CE0CD89}.Release|Any CPU.ActiveCfg = Release|Any CPU
		{6AAADB40-4095-4BC4-A54D-74521CE0CD89}.Release|Any CPU.Build.0 = Release|Any CPU
		{B45F92AC-67CB-4760-946E-F7EEF30C4BDD}.Debug|Any CPU.ActiveCfg = Debug|Any CPU
		{B45F92AC-67CB-4760-946E-F7EEF30C4BDD}.Debug|Any CPU.Build.0 = Debug|Any CPU
		{B45F92AC-67CB-4760-946E-F7EEF30C4BDD}.Release|Any CPU.ActiveCfg = Release|Any CPU
		{B45F92AC-67CB-4760-946E-F7EEF30C4BDD}.Release|Any CPU.Build.0 = Release|Any CPU
		{B7AA1B84-C658-485B-8051-7D99F75881C1}.Debug|Any CPU.ActiveCfg = Debug|Any CPU
		{B7AA1B84-C658-485B-8051-7D99F75881C1}.Debug|Any CPU.Build.0 = Debug|Any CPU
		{B7AA1B84-C658-485B-8051-7D99F75881C1}.Release|Any CPU.ActiveCfg = Release|Any CPU
		{B7AA1B84-C658-485B-8051-7D99F75881C1}.Release|Any CPU.Build.0 = Release|Any CPU
		{BF384509-A7E6-46D3-A1A9-F04B59D501DB}.Debug|Any CPU.ActiveCfg = Debug|Any CPU
		{BF384509-A7E6-46D3-A1A9-F04B59D501DB}.Debug|Any CPU.Build.0 = Debug|Any CPU
		{BF384509-A7E6-46D3-A1A9-F04B59D501DB}.Debug|Any CPU.Deploy.0 = Debug|Any CPU
		{BF384509-A7E6-46D3-A1A9-F04B59D501DB}.Release|Any CPU.ActiveCfg = Release|Any CPU
		{BF384509-A7E6-46D3-A1A9-F04B59D501DB}.Release|Any CPU.Build.0 = Release|Any CPU
		{BF384509-A7E6-46D3-A1A9-F04B59D501DB}.Release|Any CPU.Deploy.0 = Release|Any CPU
	EndGlobalSection
	GlobalSection(SolutionProperties) = preSolution
		HideSolutionNode = FALSE
	EndGlobalSection
	GlobalSection(ExtensibilityGlobals) = postSolution
		SolutionGuid = {038ACE4F-DD0F-4834-AD07-90B8743DE3EF}
	EndGlobalSection
EndGlobal
